{
    "_meta": {
        "hash": {
            "sha256": "82f28b8685f0bb9db1d2504b0a1bad9253c610f13b3fde1293c37dc0a286b9d7"
        },
        "pipfile-spec": 6,
        "requires": {
            "python_version": "3.7"
        },
        "sources": [
            {
                "name": "pypi",
                "url": "https://pypi.org/simple",
                "verify_ssl": true
            }
        ]
    },
    "default": {
        "certifi": {
            "hashes": [
                "sha256:1a4995114262bffbc2413b159f2a1a480c969de6e6eb13ee966d470af86af59c",
                "sha256:719a74fb9e33b9bd44cc7f3a8d94bc35e4049deebe19ba7d8e108280cfd59830"
            ],
            "version": "==2020.12.5"
        },
        "elastic-apm": {
            "hashes": [
                "sha256:3b5bc1646745ae81435c30822de848acf55579215d6fe3ab3b4d110d87297737",
                "sha256:4517116d7d11f2f0b64254b196cc7ca251e92b1ed4fe08b294a575b15953a89c",
                "sha256:7924f4eaa43612a59d094403d007bc701664c219ef2c579b10105780e68f9228",
                "sha256:a968da6b23f5adadcf7f63cdfe0002e4f0c14e249a2bbef374eacfdf55c64bfb",
                "sha256:af24b7b827f181e44a885e0ac8c049e8f7ed2daf22b74128b4161d64e58e397d",
                "sha256:c0df4ee3e5a9bb1694f658f91767ce45cf875164c15d82958d5e48183f1a963f",
                "sha256:c4b084ed7f6da3a6d6dc67a81c54b90afbd31bc556a02fe443fc4c861066415d",
                "sha256:e49f1c6c09acadcb3239964181ca9554969fc78d38a02631ec1eb5d51c8ba631",
                "sha256:e8a9f1a2f51f1afd5a386d28470c134097978d81e81196dee7a228341f6e1502",
                "sha256:ef996617c87280eb6bd15d1e47d122871e83aff4892ae06e84aa5167cb06ec48",
                "sha256:faed83fa367a8aca746537311be38cb6908c0a7890a62cbe95a607319f26c3d3"
            ],
            "index": "pypi",
            "version": "==4.2.2"
        },
        "urllib3": {
            "hashes": [
                "sha256:2f3db8b19923a873b3e5256dc9c2dedfa883e33d87c690d9c7913e1f40673cdc",
                "sha256:87716c2d2a7121198ebcb7ce7cccf6ce5e9ba539041cfbaeecfb641dc0bf6acc"
            ],
            "index": "pypi",
            "version": "==1.25.8"
        }
    },
    "develop": {}
}
